PODS:
  - audio_session (0.0.1):
    - Flutter
  - BaiduMapKit/Base (6.5.5)
  - BaiduMapKit/Map (6.5.5):
    - BaiduMapKit/Base
  - BaiduMapKit/Search (6.5.5):
    - BaiduMapKit/Base
  - BaiduMapKit/Utils (6.5.5):
    - BaiduMapKit/Base
  - barcode_scan2 (0.0.1):
    - Flutter
    - MTBBarcodeScanner
    - SwiftProtobuf
  - BMKLocationKit (2.0.9)
  - device_info_plus (0.0.1):
    - Flutter
  - Flutter (1.0.0)
  - flutter_baidu_mapapi_base (3.4.1):
    - BaiduMapKit/Utils (= 6.5.5)
    - Flutter
  - flutter_baidu_mapapi_map (3.4.1):
    - BaiduMapKit/Map (= 6.5.5)
    - Flutter
    - flutter_baidu_mapapi_base
  - flutter_baidu_mapapi_search (3.4.1):
    - BaiduMapKit/Search (= 6.5.5)
    - Flutter
    - flutter_baidu_mapapi_base
  - flutter_blue_plus (0.0.1):
    - Flutter
  - flutter_bmflocation (3.5.0):
    - BMKLocationKit (~> 2.0.9)
    - Flutter
  - flutter_localization (0.0.1):
    - Flutter
  - flutter_plugin_record_plus (0.0.1):
    - Flutter
  - flutter_sound_record (0.0.1):
    - Flutter
  - just_audio (0.0.1):
    - Flutter
  - MTBBarcodeScanner (5.0.11)
  - path_provider_foundation (0.0.1):
    - Flutter
    - FlutterMacOS
  - permission_handler_apple (9.1.1):
    - Flutter
  - shared_preferences_foundation (0.0.1):
    - Flutter
    - FlutterMacOS
  - SwiftProtobuf (1.24.0)

DEPENDENCIES:
  - audio_session (from `.symlinks/plugins/audio_session/ios`)
  - barcode_scan2 (from `.symlinks/plugins/barcode_scan2/ios`)
  - device_info_plus (from `.symlinks/plugins/device_info_plus/ios`)
  - Flutter (from `Flutter`)
  - flutter_baidu_mapapi_base (from `.symlinks/plugins/flutter_baidu_mapapi_base/ios`)
  - flutter_baidu_mapapi_map (from `.symlinks/plugins/flutter_baidu_mapapi_map/ios`)
  - flutter_baidu_mapapi_search (from `.symlinks/plugins/flutter_baidu_mapapi_search/ios`)
  - flutter_blue_plus (from `.symlinks/plugins/flutter_blue_plus/ios`)
  - flutter_bmflocation (from `.symlinks/plugins/flutter_bmflocation/ios`)
  - flutter_localization (from `.symlinks/plugins/flutter_localization/ios`)
  - flutter_plugin_record_plus (from `.symlinks/plugins/flutter_plugin_record_plus/ios`)
  - flutter_sound_record (from `.symlinks/plugins/flutter_sound_record/ios`)
  - just_audio (from `.symlinks/plugins/just_audio/ios`)
  - path_provider_foundation (from `.symlinks/plugins/path_provider_foundation/darwin`)
  - permission_handler_apple (from `.symlinks/plugins/permission_handler_apple/ios`)
  - shared_preferences_foundation (from `.symlinks/plugins/shared_preferences_foundation/darwin`)

SPEC REPOS:
  trunk:
    - BaiduMapKit
    - BMKLocationKit
    - MTBBarcodeScanner
    - SwiftProtobuf

EXTERNAL SOURCES:
  audio_session:
    :path: ".symlinks/plugins/audio_session/ios"
  barcode_scan2:
    :path: ".symlinks/plugins/barcode_scan2/ios"
  device_info_plus:
    :path: ".symlinks/plugins/device_info_plus/ios"
  Flutter:
    :path: Flutter
  flutter_baidu_mapapi_base:
    :path: ".symlinks/plugins/flutter_baidu_mapapi_base/ios"
  flutter_baidu_mapapi_map:
    :path: ".symlinks/plugins/flutter_baidu_mapapi_map/ios"
  flutter_baidu_mapapi_search:
    :path: ".symlinks/plugins/flutter_baidu_mapapi_search/ios"
  flutter_blue_plus:
    :path: ".symlinks/plugins/flutter_blue_plus/ios"
  flutter_bmflocation:
    :path: ".symlinks/plugins/flutter_bmflocation/ios"
  flutter_localization:
    :path: ".symlinks/plugins/flutter_localization/ios"
  flutter_plugin_record_plus:
    :path: ".symlinks/plugins/flutter_plugin_record_plus/ios"
  flutter_sound_record:
    :path: ".symlinks/plugins/flutter_sound_record/ios"
  just_audio:
    :path: ".symlinks/plugins/just_audio/ios"
  path_provider_foundation:
    :path: ".symlinks/plugins/path_provider_foundation/darwin"
  permission_handler_apple:
    :path: ".symlinks/plugins/permission_handler_apple/ios"
  shared_preferences_foundation:
    :path: ".symlinks/plugins/shared_preferences_foundation/darwin"

SPEC CHECKSUMS:
  audio_session: 4f3e461722055d21515cf3261b64c973c062f345
  BaiduMapKit: 3b79c1d77521fddfebfd62a5ab4663740bee5784
  barcode_scan2: 0af2bb63c81b4565aab6cd78278e4c0fa136dbb0
  BMKLocationKit: 29576a1a804c9defaeae258516591eee015a03d6
  device_info_plus: c6fb39579d0f423935b0c9ce7ee2f44b71b9fce6
  Flutter: f04841e97a9d0b0a8025694d0796dd46242b2854
  flutter_baidu_mapapi_base: 4f9256710144738294f83d249a14e24334f208bd
  flutter_baidu_mapapi_map: 93249587ede68eac6dc77f79c5c79c43f9eae5cf
  flutter_baidu_mapapi_search: 2f693a0f8e9f44f2aeda26236977694c736642c3
  flutter_blue_plus: 4837da7d00cf5d441fdd6635b3a57f936778ea96
  flutter_bmflocation: 7ab7efb92d79715fd3c3217075ad97ad18a748b1
  flutter_localization: f43b18844a2b3d2c71fd64f04ffd6b1e64dd54d4
  flutter_plugin_record_plus: 79b8e13ee7ed9a94f6c067018653599528cee1fc
  flutter_sound_record: fa9800029599bccfaa8be22cc372550a5fa505ac
  just_audio: baa7252489dbcf47a4c7cc9ca663e9661c99aafa
  MTBBarcodeScanner: f453b33c4b7dfe545d8c6484ed744d55671788cb
  path_provider_foundation: 29f094ae23ebbca9d3d0cec13889cd9060c0e943
  permission_handler_apple: e76247795d700c14ea09e3a2d8855d41ee80a2e6
  shared_preferences_foundation: 5b919d13b803cadd15ed2dc053125c68730e5126
  SwiftProtobuf: bcfd2bc231cf9ae552cdc7c4e877bd3b41fe57b1

PODFILE CHECKSUM: 70d9d25280d0dd177a5f637cdb0f0b0b12c6a189

COCOAPODS: 1.12.1
