PODS:
  - audio_session (0.0.1):
    - Flutter
  - BaiduMapKit/Base (6.5.9)
  - BaiduMapKit/Map (6.5.9):
    - BaiduMapKit/Base
  - BaiduMapKit/Search (6.5.9):
    - BaiduMapKit/Base
  - BaiduMapKit/Utils (6.5.9):
    - BaiduMapKit/Base
  - barcode_scan2 (0.0.1):
    - Flutter
    - MTBBarcodeScanner
    - SwiftProtobuf
  - BMKLocationKit (2.0.9)
  - connectivity_plus (0.0.1):
    - Flutter
    - ReachabilitySwift
  - device_info_plus (0.0.1):
    - Flutter
  - Flutter (1.0.0)
  - flutter_baidu_mapapi_base (3.5.0):
    - BaiduMapKit/Utils (= 6.5.9)
    - Flutter
  - flutter_baidu_mapapi_map (3.5.0):
    - BaiduMapKit/Map (= 6.5.9)
    - Flutter
    - flutter_baidu_mapapi_base
  - flutter_baidu_mapapi_search (3.5.0):
    - BaiduMapKit/Search (= 6.5.9)
    - Flutter
    - flutter_baidu_mapapi_base
  - flutter_blue_plus (0.0.1):
    - Flutter
  - flutter_bmflocation (3.5.0):
    - BMKLocationKit (~> 2.0.9)
    - Flutter
  - flutter_localization (0.0.1):
    - Flutter
  - flutter_plugin_record_plus (0.0.1):
    - Flutter
  - flutter_sound_record (0.0.1):
    - Flutter
  - HyphenateChat (4.1.1)
  - im_flutter_sdk (0.0.1):
    - Flutter
    - HyphenateChat (= 4.1.1)
  - just_audio (0.0.1):
    - Flutter
  - map_launcher (0.0.1):
    - Flutter
  - MTBBarcodeScanner (5.0.11)
  - path_provider_foundation (0.0.1):
    - Flutter
    - FlutterMacOS
  - permission_handler_apple (9.1.1):
    - Flutter
  - ReachabilitySwift (5.0.0)
  - shared_preferences_foundation (0.0.1):
    - Flutter
    - FlutterMacOS
  - SwiftProtobuf (1.24.0)

DEPENDENCIES:
  - audio_session (from `.symlinks/plugins/audio_session/ios`)
  - barcode_scan2 (from `.symlinks/plugins/barcode_scan2/ios`)
  - connectivity_plus (from `.symlinks/plugins/connectivity_plus/ios`)
  - device_info_plus (from `.symlinks/plugins/device_info_plus/ios`)
  - Flutter (from `Flutter`)
  - flutter_baidu_mapapi_base (from `.symlinks/plugins/flutter_baidu_mapapi_base/ios`)
  - flutter_baidu_mapapi_map (from `.symlinks/plugins/flutter_baidu_mapapi_map/ios`)
  - flutter_baidu_mapapi_search (from `.symlinks/plugins/flutter_baidu_mapapi_search/ios`)
  - flutter_blue_plus (from `.symlinks/plugins/flutter_blue_plus/ios`)
  - flutter_bmflocation (from `.symlinks/plugins/flutter_bmflocation/ios`)
  - flutter_localization (from `.symlinks/plugins/flutter_localization/ios`)
  - flutter_plugin_record_plus (from `.symlinks/plugins/flutter_plugin_record_plus/ios`)
  - flutter_sound_record (from `.symlinks/plugins/flutter_sound_record/ios`)
  - im_flutter_sdk (from `.symlinks/plugins/im_flutter_sdk/ios`)
  - just_audio (from `.symlinks/plugins/just_audio/ios`)
  - map_launcher (from `.symlinks/plugins/map_launcher/ios`)
  - path_provider_foundation (from `.symlinks/plugins/path_provider_foundation/darwin`)
  - permission_handler_apple (from `.symlinks/plugins/permission_handler_apple/ios`)
  - shared_preferences_foundation (from `.symlinks/plugins/shared_preferences_foundation/darwin`)

SPEC REPOS:
  trunk:
    - BaiduMapKit
    - BMKLocationKit
    - HyphenateChat
    - MTBBarcodeScanner
    - ReachabilitySwift
    - SwiftProtobuf

EXTERNAL SOURCES:
  audio_session:
    :path: ".symlinks/plugins/audio_session/ios"
  barcode_scan2:
    :path: ".symlinks/plugins/barcode_scan2/ios"
  connectivity_plus:
    :path: ".symlinks/plugins/connectivity_plus/ios"
  device_info_plus:
    :path: ".symlinks/plugins/device_info_plus/ios"
  Flutter:
    :path: Flutter
  flutter_baidu_mapapi_base:
    :path: ".symlinks/plugins/flutter_baidu_mapapi_base/ios"
  flutter_baidu_mapapi_map:
    :path: ".symlinks/plugins/flutter_baidu_mapapi_map/ios"
  flutter_baidu_mapapi_search:
    :path: ".symlinks/plugins/flutter_baidu_mapapi_search/ios"
  flutter_blue_plus:
    :path: ".symlinks/plugins/flutter_blue_plus/ios"
  flutter_bmflocation:
    :path: ".symlinks/plugins/flutter_bmflocation/ios"
  flutter_localization:
    :path: ".symlinks/plugins/flutter_localization/ios"
  flutter_plugin_record_plus:
    :path: ".symlinks/plugins/flutter_plugin_record_plus/ios"
  flutter_sound_record:
    :path: ".symlinks/plugins/flutter_sound_record/ios"
  im_flutter_sdk:
    :path: ".symlinks/plugins/im_flutter_sdk/ios"
  just_audio:
    :path: ".symlinks/plugins/just_audio/ios"
  map_launcher:
    :path: ".symlinks/plugins/map_launcher/ios"
  path_provider_foundation:
    :path: ".symlinks/plugins/path_provider_foundation/darwin"
  permission_handler_apple:
    :path: ".symlinks/plugins/permission_handler_apple/ios"
  shared_preferences_foundation:
    :path: ".symlinks/plugins/shared_preferences_foundation/darwin"

SPEC CHECKSUMS:
  audio_session: 4f3e461722055d21515cf3261b64c973c062f345
  BaiduMapKit: 5ec1c4dda6a55be048cf82f6eb09b2891ec85de8
  barcode_scan2: 0af2bb63c81b4565aab6cd78278e4c0fa136dbb0
  BMKLocationKit: 29576a1a804c9defaeae258516591eee015a03d6
  connectivity_plus: 07c49e96d7fc92bc9920617b83238c4d178b446a
  device_info_plus: c6fb39579d0f423935b0c9ce7ee2f44b71b9fce6
  Flutter: f04841e97a9d0b0a8025694d0796dd46242b2854
  flutter_baidu_mapapi_base: f976bdf4e870e4fcd40f8ea40cdadfb4e46d3749
  flutter_baidu_mapapi_map: f522de53b927636e725c68f73d2fbf0f37840ea3
  flutter_baidu_mapapi_search: fc9a79e33e4d16ca04dc316a914b86d7a5de0940
  flutter_blue_plus: 4837da7d00cf5d441fdd6635b3a57f936778ea96
  flutter_bmflocation: 7ab7efb92d79715fd3c3217075ad97ad18a748b1
  flutter_localization: f43b18844a2b3d2c71fd64f04ffd6b1e64dd54d4
  flutter_plugin_record_plus: 79b8e13ee7ed9a94f6c067018653599528cee1fc
  flutter_sound_record: fa9800029599bccfaa8be22cc372550a5fa505ac
  HyphenateChat: 95aa4abbad0e763f513acbe21ff9543f50b886cd
  im_flutter_sdk: 9242a0d080c2f4ade4a0247a21b034036320233e
  just_audio: baa7252489dbcf47a4c7cc9ca663e9661c99aafa
  map_launcher: e325db1261d029ff33e08e03baccffe09593ffea
  MTBBarcodeScanner: f453b33c4b7dfe545d8c6484ed744d55671788cb
  path_provider_foundation: 29f094ae23ebbca9d3d0cec13889cd9060c0e943
  permission_handler_apple: e76247795d700c14ea09e3a2d8855d41ee80a2e6
  ReachabilitySwift: 985039c6f7b23a1da463388634119492ff86c825
  shared_preferences_foundation: 5b919d13b803cadd15ed2dc053125c68730e5126
  SwiftProtobuf: bcfd2bc231cf9ae552cdc7c4e877bd3b41fe57b1

PODFILE CHECKSUM: fff3348f19d060f45045a9c9fbca3a264147c2f7

COCOAPODS: 1.12.1
